// !$*UTF8*$!
{
	archiveVersion = 1;
	classes = {
	};
	objectVersion = 50;
	objects = {

/* Begin PBXBuildFile section */
		D539CB8225FA42E3001200B0 /* AppDelegate.swift in Sources */ = {isa = PBXBuildFile; fileRef = D539CB8125FA42E3001200B0 /* AppDelegate.swift */; };
		D539CB8425FA42E3001200B0 /* SceneDelegate.swift in Sources */ = {isa = PBXBuildFile; fileRef = D539CB8325FA42E3001200B0 /* SceneDelegate.swift */; };
		D539CB8625FA42E3001200B0 /* ViewController.swift in Sources */ = {isa = PBXBuildFile; fileRef = D539CB8525FA42E3001200B0 /* ViewController.swift */; };
		D539CB8925FA42E3001200B0 /* Main.storyboard in Resources */ = {isa = PBXBuildFile; fileRef = D539CB8725FA42E3001200B0 /* Main.storyboard */; };
		D539CB8B25FA42E5001200B0 /* Assets.xcassets in Resources */ = {isa = PBXBuildFile; fileRef = D539CB8A25FA42E5001200B0 /* Assets.xcassets */; };
		D539CB8E25FA42E6001200B0 /* LaunchScreen.storyboard in Resources */ = {isa = PBXBuildFile; fileRef = D539CB8C25FA42E6001200B0 /* LaunchScreen.storyboard */; };
		D539CB9925FA42E6001200B0 /* giftestTests.swift in Sources */ = {isa = PBXBuildFile; fileRef = D539CB9825FA42E6001200B0 /* giftestTests.swift */; };
		D539CBA425FA42E6001200B0 /* giftestUITests.swift in Sources */ = {isa = PBXBuildFile; fileRef = D539CBA325FA42E6001200B0 /* giftestUITests.swift */; };
/* End PBXBuildFile section */

/* Begin PBXContainerItemProxy section */
		D539CB9525FA42E6001200B0 /* PBXContainerItemProxy */ = {
			isa = PBXContainerItemProxy;
			containerPortal = D539CB7625FA42E3001200B0 /* Project object */;
			proxyType = 1;
			remoteGlobalIDString = D539CB7D25FA42E3001200B0;
			remoteInfo = giftest;
		};
		D539CBA025FA42E6001200B0 /* PBXContainerItemProxy */ = {
			isa = PBXContainerItemProxy;
			containerPortal = D539CB7625FA42E3001200B0 /* Project object */;
			proxyType = 1;
			remoteGlobalIDString = D539CB7D25FA42E3001200B0;
			remoteInfo = giftest;
		};
/* End PBXContainerItemProxy section */

/* Begin PBXFileReference section */
		D539CB7E25FA42E3001200B0 /* giftest.app */ = {isa = PBXFileReference; explicitFileType = wrapper.application; includeInIndex = 0; path = giftest.app; sourceTree = BUILT_PRODUCTS_DIR; };
		D539CB8125FA42E3001200B0 /* AppDelegate.swift */ = {isa = PBXFileReference; lastKnownFileType = sourcecode.swift; path = AppDelegate.swift; sourceTree = "<group>"; };
		D539CB8325FA42E3001200B0 /* SceneDelegate.swift */ = {isa = PBXFileReference; lastKnownFileType = sourcecode.swift; path = SceneDelegate.swift; sourceTree = "<group>"; };
		D539CB8525FA42E3001200B0 /* ViewController.swift */ = {isa = PBXFileReference; lastKnownFileType = sourcecode.swift; path = ViewController.swift; sourceTree = "<group>"; };
		D539CB8825FA42E3001200B0 /* Base */ = {isa = PBXFileReference; lastKnownFileType = file.storyboard; name = Base; path = Base.lproj/Main.storyboard; sourceTree = "<group>"; };
		D539CB8A25FA42E5001200B0 /* Assets.xcassets */ = {isa = PBXFileReference; lastKnownFileType = folder.assetcatalog; path = Assets.xcassets; sourceTree = "<group>"; };
		D539CB8D25FA42E6001200B0 /* Base */ = {isa = PBXFileReference; lastKnownFileType = file.storyboard; name = Base; path = Base.lproj/LaunchScreen.storyboard; sourceTree = "<group>"; };
		D539CB8F25FA42E6001200B0 /* Info.plist */ = {isa = PBXFileReference; lastKnownFileType = text.plist.xml; path = Info.plist; sourceTree = "<group>"; };
		D539CB9425FA42E6001200B0 /* giftestTests.xctest */ = {isa = PBXFileReference; explicitFileType = wrapper.cfbundle; includeInIndex = 0; path = giftestTests.xctest; sourceTree = BUILT_PRODUCTS_DIR; };
		D539CB9825FA42E6001200B0 /* giftestTests.swift */ = {isa = PBXFileReference; lastKnownFileType = sourcecode.swift; path = giftestTests.swift; sourceTree = "<group>"; };
		D539CB9A25FA42E6001200B0 /* Info.plist */ = {isa = PBXFileReference; lastKnownFileType = text.plist.xml; path = Info.plist; sourceTree = "<group>"; };
		D539CB9F25FA42E6001200B0 /* giftestUITests.xctest */ = {isa = PBXFileReference; explicitFileType = wrapper.cfbundle; includeInIndex = 0; path = giftestUITests.xctest; sourceTree = BUILT_PRODUCTS_DIR; };
		D539CBA325FA42E6001200B0 /* giftestUITests.swift */ = {isa = PBXFileReference; lastKnownFileType = sourcecode.swift; path = giftestUITests.swift; sourceTree = "<group>"; };
		D539CBA525FA42E6001200B0 /* Info.plist */ = {isa = PBXFileReference; lastKnownFileType = text.plist.xml; path = Info.plist; sourceTree = "<group>"; };
/* End PBXFileReference section */

/* Begin PBXFrameworksBuildPhase section */
		D539CB7B25FA42E3001200B0 /* Frameworks */ = {
			isa = PBXFrameworksBuildPhase;
			buildActionMask = 2147483647;
			files = (
			);
			runOnlyForDeploymentPostprocessing = 0;
		};
		D539CB9125FA42E6001200B0 /* Frameworks */ = {
			isa = PBXFrameworksBuildPhase;
			buildActionMask = 2147483647;
			files = (
			);
			runOnlyForDeploymentPostprocessing = 0;
		};
		D539CB9C25FA42E6001200B0 /* Frameworks */ = {
			isa = PBXFrameworksBuildPhase;
			buildActionMask = 2147483647;
			files = (
			);
			runOnlyForDeploymentPostprocessing = 0;
		};
/* End PBXFrameworksBuildPhase section */

/* Begin PBXGroup section */
		D539CB7525FA42E3001200B0 = {
			isa = PBXGroup;
			children = (
				D539CB8025FA42E3001200B0 /* giftest */,
				D539CB9725FA42E6001200B0 /* giftestTests */,
				D539CBA225FA42E6001200B0 /* giftestUITests */,
				D539CB7F25FA42E3001200B0 /* Products */,
			);
			sourceTree = "<group>";
		};
		D539CB7F25FA42E3001200B0 /* Products */ = {
			isa = PBXGroup;
			children = (
				D539CB7E25FA42E3001200B0 /* giftest.app */,
				D539CB9425FA42E6001200B0 /* giftestTests.xctest */,
				D539CB9F25FA42E6001200B0 /* giftestUITests.xctest */,
			);
			name = Products;
			sourceTree = "<group>";
		};
		D539CB8025FA42E3001200B0 /* giftest */ = {
			isa = PBXGroup;
			children = (
				D539CB8125FA42E3001200B0 /* AppDelegate.swift */,
				D539CB8325FA42E3001200B0 /* SceneDelegate.swift */,
				D539CB8525FA42E3001200B0 /* ViewController.swift */,
				D539CB8725FA42E3001200B0 /* Main.storyboard */,
				D539CB8A25FA42E5001200B0 /* Assets.xcassets */,
				D539CB8C25FA42E6001200B0 /* LaunchScreen.storyboard */,
				D539CB8F25FA42E6001200B0 /* Info.plist */,
			);
			path = giftest;
			sourceTree = "<group>";
		};
		D539CB9725FA42E6001200B0 /* giftestTests */ = {
			isa = PBXGroup;
			children = (
				D539CB9825FA42E6001200B0 /* giftestTests.swift */,
				D539CB9A25FA42E6001200B0 /* Info.plist */,
			);
			path = giftestTests;
			sourceTree = "<group>";
		};
		D539CBA225FA42E6001200B0 /* giftestUITests */ = {
			isa = PBXGroup;
			children = (
				D539CBA325FA42E6001200B0 /* giftestUITests.swift */,
				D539CBA525FA42E6001200B0 /* Info.plist */,
			);
			path = giftestUITests;
			sourceTree = "<group>";
		};
/* End PBXGroup section */

/* Begin PBXNativeTarget section */
		D539CB7D25FA42E3001200B0 /* giftest */ = {
			isa = PBXNativeTarget;
			buildConfigurationList = D539CBA825FA42E6001200B0 /* Build configuration list for PBXNativeTarget "giftest" */;
			buildPhases = (
				D539CB7A25FA42E3001200B0 /* Sources */,
				D539CB7B25FA42E3001200B0 /* Frameworks */,
				D539CB7C25FA42E3001200B0 /* Resources */,
			);
			buildRules = (
			);
			dependencies = (
			);
			name = giftest;
			productName = giftest;
			productReference = D539CB7E25FA42E3001200B0 /* giftest.app */;
			productType = "com.apple.product-type.application";
		};
		D539CB9325FA42E6001200B0 /* giftestTests */ = {
			isa = PBXNativeTarget;
			buildConfigurationList = D539CBAB25FA42E6001200B0 /* Build configuration list for PBXNativeTarget "giftestTests" */;
			buildPhases = (
				D539CB9025FA42E6001200B0 /* Sources */,
				D539CB9125FA42E6001200B0 /* Frameworks */,
				D539CB9225FA42E6001200B0 /* Resources */,
			);
			buildRules = (
			);
			dependencies = (
				D539CB9625FA42E6001200B0 /* PBXTargetDependency */,
			);
			name = giftestTests;
			productName = giftestTests;
			productReference = D539CB9425FA42E6001200B0 /* giftestTests.xctest */;
			productType = "com.apple.product-type.bundle.unit-test";
		};
		D539CB9E25FA42E6001200B0 /* giftestUITests */ = {
			isa = PBXNativeTarget;
			buildConfigurationList = D539CBAE25FA42E6001200B0 /* Build configuration list for PBXNativeTarget "giftestUITests" */;
			buildPhases = (
				D539CB9B25FA42E6001200B0 /* Sources */,
				D539CB9C25FA42E6001200B0 /* Frameworks */,
				D539CB9D25FA42E6001200B0 /* Resources */,
			);
			buildRules = (
			);
			dependencies = (
				D539CBA125FA42E6001200B0 /* PBXTargetDependency */,
			);
			name = giftestUITests;
			productName = giftestUITests;
			productReference = D539CB9F25FA42E6001200B0 /* giftestUITests.xctest */;
			productType = "com.apple.product-type.bundle.ui-testing";
		};
/* End PBXNativeTarget section */

/* Begin PBXProject section */
		D539CB7625FA42E3001200B0 /* Project object */ = {
			isa = PBXProject;
			attributes = {
				LastSwiftUpdateCheck = 1230;
				LastUpgradeCheck = 1230;
				TargetAttributes = {
					D539CB7D25FA42E3001200B0 = {
						CreatedOnToolsVersion = 12.3;
					};
					D539CB9325FA42E6001200B0 = {
						CreatedOnToolsVersion = 12.3;
						TestTargetID = D539CB7D25FA42E3001200B0;
					};
					D539CB9E25FA42E6001200B0 = {
						CreatedOnToolsVersion = 12.3;
						TestTargetID = D539CB7D25FA42E3001200B0;
					};
				};
			};
			buildConfigurationList = D539CB7925FA42E3001200B0 /* Build configuration list for PBXProject "giftest" */;
			compatibilityVersion = "Xcode 9.3";
			developmentRegion = en;
			hasScannedForEncodings = 0;
			knownRegions = (
				en,
				Base,
			);
			mainGroup = D539CB7525FA42E3001200B0;
			productRefGroup = D539CB7F25FA42E3001200B0 /* Products */;
			projectDirPath = "";
			projectRoot = "";
			targets = (
				D539CB7D25FA42E3001200B0 /* giftest */,
				D539CB9325FA42E6001200B0 /* giftestTests */,
				D539CB9E25FA42E6001200B0 /* giftestUITests */,
			);
		};
/* End PBXProject section */

/* Begin PBXResourcesBuildPhase section */
		D539CB7C25FA42E3001200B0 /* Resources */ = {
			isa = PBXResourcesBuildPhase;
			buildActionMask = 2147483647;
			files = (
				D539CB8E25FA42E6001200B0 /* LaunchScreen.storyboard in Resources */,
				D539CB8B25FA42E5001200B0 /* Assets.xcassets in Resources */,
				D539CB8925FA42E3001200B0 /* Main.storyboard in Resources */,
			);
			runOnlyForDeploymentPostprocessing = 0;
		};
		D539CB9225FA42E6001200B0 /* Resources */ = {
			isa = PBXResourcesBuildPhase;
			buildActionMask = 2147483647;
			files = (
			);
			runOnlyForDeploymentPostprocessing = 0;
		};
		D539CB9D25FA42E6001200B0 /* Resources */ = {
			isa = PBXResourcesBuildPhase;
			buildActionMask = 2147483647;
			files = (
			);
			runOnlyForDeploymentPostprocessing = 0;
		};
/* End PBXResourcesBuildPhase section */

/* Begin PBXSourcesBuildPhase section */
		D539CB7A25FA42E3001200B0 /* Sources */ = {
			isa = PBXSourcesBuildPhase;
			buildActionMask = 2147483647;
			files = (
				D539CB8625FA42E3001200B0 /* ViewController.swift in Sources */,
				D539CB8225FA42E3001200B0 /* AppDelegate.swift in Sources */,
				D539CB8425FA42E3001200B0 /* SceneDelegate.swift in Sources */,
			);
			runOnlyForDeploymentPostprocessing = 0;
		};
		D539CB9025FA42E6001200B0 /* Sources */ = {
			isa = PBXSourcesBuildPhase;
			buildActionMask = 2147483647;
			files = (
				D539CB9925FA42E6001200B0 /* giftestTests.swift in Sources */,
			);
			runOnlyForDeploymentPostprocessing = 0;
		};
		D539CB9B25FA42E6001200B0 /* Sources */ = {
			isa = PBXSourcesBuildPhase;
			buildActionMask = 2147483647;
			files = (
				D539CBA425FA42E6001200B0 /* giftestUITests.swift in Sources */,
			);
			runOnlyForDeploymentPostprocessing = 0;
		};
/* End PBXSourcesBuildPhase section */

/* Begin PBXTargetDependency section */
		D539CB9625FA42E6001200B0 /* PBXTargetDependency */ = {
			isa = PBXTargetDependency;
			target = D539CB7D25FA42E3001200B0 /* giftest */;
			targetProxy = D539CB9525FA42E6001200B0 /* PBXContainerItemProxy */;
		};
		D539CBA125FA42E6001200B0 /* PBXTargetDependency */ = {
			isa = PBXTargetDependency;
			target = D539CB7D25FA42E3001200B0 /* giftest */;
			targetProxy = D539CBA025FA42E6001200B0 /* PBXContainerItemProxy */;
		};
/* End PBXTargetDependency section */

/* Begin PBXVariantGroup section */
		D539CB8725FA42E3001200B0 /* Main.storyboard */ = {
			isa = PBXVariantGroup;
			children = (
				D539CB8825FA42E3001200B0 /* Base */,
			);
			name = Main.storyboard;
			sourceTree = "<group>";
		};
		D539CB8C25FA42E6001200B0 /* LaunchScreen.storyboard */ = {
			isa = PBXVariantGroup;
			children = (
				D539CB8D25FA42E6001200B0 /* Base */,
			);
			name = LaunchScreen.storyboard;
			sourceTree = "<group>";
		};
/* End PBXVariantGroup section */

/* Begin XCBuildConfiguration section */
		D539CBA625FA42E6001200B0 /* Debug */ = {
			isa = XCBuildConfiguration;
			buildSettings = {
				ALWAYS_SEARCH_USER_PATHS = NO;
				CLANG_ANALYZER_NONNULL = YES;
				CLANG_ANALYZER_NUMBER_OBJECT_CONVERSION = YES_AGGRESSIVE;
				CLANG_CXX_LANGUAGE_STANDARD = "gnu++14";
				CLANG_CXX_LIBRARY = "libc++";
				CLANG_ENABLE_MODULES = YES;
				CLANG_ENABLE_OBJC_ARC = YES;
				CLANG_ENABLE_OBJC_WEAK = YES;
				CLANG_WARN_BLOCK_CAPTURE_AUTORELEASING = YES;
				CLANG_WARN_BOOL_CONVERSION = YES;
				CLANG_WARN_COMMA = YES;
				CLANG_WARN_CONSTANT_CONVERSION = YES;
				CLANG_WARN_DEPRECATED_OBJC_IMPLEMENTATIONS = YES;
				CLANG_WARN_DIRECT_OBJC_ISA_USAGE = YES_ERROR;
				CLANG_WARN_DOCUMENTATION_COMMENTS = YES;
				CLANG_WARN_EMPTY_BODY = YES;
				CLANG_WARN_ENUM_CONVERSION = YES;
				CLANG_WARN_INFINITE_RECURSION = YES;
				CLANG_WARN_INT_CONVERSION = YES;
				CLANG_WARN_NON_LITERAL_NULL_CONVERSION = YES;
				CLANG_WARN_OBJC_IMPLICIT_RETAIN_SELF = YES;
				CLANG_WARN_OBJC_LITERAL_CONVERSION = YES;
				CLANG_WARN_OBJC_ROOT_CLASS = YES_ERROR;
				CLANG_WARN_QUOTED_INCLUDE_IN_FRAMEWORK_HEADER = YES;
				CLANG_WARN_RANGE_LOOP_ANALYSIS = YES;
				CLANG_WARN_STRICT_PROTOTYPES = YES;
				CLANG_WARN_SUSPICIOUS_MOVE = YES;
				CLANG_WARN_UNGUARDED_AVAILABILITY = YES_AGGRESSIVE;
				CLANG_WARN_UNREACHABLE_CODE = YES;
				CLANG_WARN__DUPLICATE_METHOD_MATCH = YES;
				COPY_PHASE_STRIP = NO;
				DEBUG_INFORMATION_FORMAT = dwarf;
				ENABLE_STRICT_OBJC_MSGSEND = YES;
				ENABLE_TESTABILITY = YES;
				GCC_C_LANGUAGE_STANDARD = gnu11;
				GCC_DYNAMIC_NO_PIC = NO;
				GCC_NO_COMMON_BLOCKS = YES;
				GCC_OPTIMIZATION_LEVEL = 0;
				GCC_PREPROCESSOR_DEFINITIONS = (
					"DEBUG=1",
					"$(inherited)",
				);
				GCC_WARN_64_TO_32_BIT_CONVERSION = YES;
				GCC_WARN_ABOUT_RETURN_TYPE = YES_ERROR;
				GCC_WARN_UNDECLARED_SELECTOR = YES;
				GCC_WARN_UNINITIALIZED_AUTOS = YES_AGGRESSIVE;
				GCC_WARN_UNUSED_FUNCTION = YES;
				GCC_WARN_UNUSED_VARIABLE = YES;
				IPHONEOS_DEPLOYMENT_TARGET = 14.3;
				MTL_ENABLE_DEBUG_INFO = INCLUDE_SOURCE;
				MTL_FAST_MATH = YES;
				ONLY_ACTIVE_ARCH = YES;
				SDKROOT = iphoneos;
				SWIFT_ACTIVE_COMPILATION_CONDITIONS = DEBUG;
				SWIFT_OPTIMIZATION_LEVEL = "-Onone";
			};
			name = Debug;
		};
		D539CBA725FA42E6001200B0 /* Release */ = {
			isa = XCBuildConfiguration;
			buildSettings = {
				ALWAYS_SEARCH_USER_PATHS = NO;
				CLANG_ANALYZER_NONNULL = YES;
				CLANG_ANALYZER_NUMBER_OBJECT_CONVERSION = YES_AGGRESSIVE;
				CLANG_CXX_LANGUAGE_STANDARD = "gnu++14";
				CLANG_CXX_LIBRARY = "libc++";
				CLANG_ENABLE_MODULES = YES;
				CLANG_ENABLE_OBJC_ARC = YES;
				CLANG_ENABLE_OBJC_WEAK = YES;
				CLANG_WARN_BLOCK_CAPTURE_AUTORELEASING = YES;
				CLANG_WARN_BOOL_CONVERSION = YES;
				CLANG_WARN_COMMA = YES;
				CLANG_WARN_CONSTANT_CONVERSION = YES;
				CLANG_WARN_DEPRECATED_OBJC_IMPLEMENTATIONS = YES;
				CLANG_WARN_DIRECT_OBJC_ISA_USAGE = YES_ERROR;
				CLANG_WARN_DOCUMENTATION_COMMENTS = YES;
				CLANG_WARN_EMPTY_BODY = YES;
				CLANG_WARN_ENUM_CONVERSION = YES;
				CLANG_WARN_INFINITE_RECURSION = YES;
				CLANG_WARN_INT_CONVERSION = YES;
				CLANG_WARN_NON_LITERAL_NULL_CONVERSION = YES;
				CLANG_WARN_OBJC_IMPLICIT_RETAIN_SELF = YES;
				CLANG_WARN_OBJC_LITERAL_CONVERSION = YES;
				CLANG_WARN_OBJC_ROOT_CLASS = YES_ERROR;
				CLANG_WARN_QUOTED_INCLUDE_IN_FRAMEWORK_HEADER = YES;
				CLANG_WARN_RANGE_LOOP_ANALYSIS = YES;
				CLANG_WARN_STRICT_PROTOTYPES = YES;
				CLANG_WARN_SUSPICIOUS_MOVE = YES;
				CLANG_WARN_UNGUARDED_AVAILABILITY = YES_AGGRESSIVE;
				CLANG_WARN_UNREACHABLE_CODE = YES;
				CLANG_WARN__DUPLICATE_METHOD_MATCH = YES;
				COPY_PHASE_STRIP = NO;
				DEBUG_INFORMATION_FORMAT = "dwarf-with-dsym";
				ENABLE_NS_ASSERTIONS = NO;
				ENABLE_STRICT_OBJC_MSGSEND = YES;
				GCC_C_LANGUAGE_STANDARD = gnu11;
				GCC_NO_COMMON_BLOCKS = YES;
				GCC_WARN_64_TO_32_BIT_CONVERSION = YES;
				GCC_WARN_ABOUT_RETURN_TYPE = YES_ERROR;
				GCC_WARN_UNDECLARED_SELECTOR = YES;
				GCC_WARN_UNINITIALIZED_AUTOS = YES_AGGRESSIVE;
				GCC_WARN_UNUSED_FUNCTION = YES;
				GCC_WARN_UNUSED_VARIABLE = YES;
				IPHONEOS_DEPLOYMENT_TARGET = 14.3;
				MTL_ENABLE_DEBUG_INFO = NO;
				MTL_FAST_MATH = YES;
				SDKROOT = iphoneos;
				SWIFT_COMPILATION_MODE = wholemodule;
				SWIFT_OPTIMIZATION_LEVEL = "-O";
				VALIDATE_PRODUCT = YES;
			};
			name = Release;
		};
		D539CBA925FA42E6001200B0 /* Debug */ = {
			isa = XCBuildConfiguration;
			buildSettings = {
				ASSETCATALOG_COMPILER_APPICON_NAME = AppIcon;
				ASSETCATALOG_COMPILER_GLOBAL_ACCENT_COLOR_NAME = AccentColor;
				CODE_SIGN_STYLE = Automatic;
				INFOPLIST_FILE = giftest/Info.plist;
				LD_RUNPATH_SEARCH_PATHS = (
					"$(inherited)",
					"@executable_path/Frameworks",
				);
				PRODUCT_BUNDLE_IDENTIFIER = com.taiseihikawa.giftest;
				PRODUCT_NAME = "$(TARGET_NAME)";
				SWIFT_VERSION = 5.0;
				TARGETED_DEVICE_FAMILY = "1,2";
			};
			name = Debug;
		};
		D539CBAA25FA42E6001200B0 /* Release */ = {
			isa = XCBuildConfiguration;
			buildSettings = {
				ASSETCATALOG_COMPILER_APPICON_NAME = AppIcon;
				ASSETCATALOG_COMPILER_GLOBAL_ACCENT_COLOR_NAME = AccentColor;
				CODE_SIGN_STYLE = Automatic;
				INFOPLIST_FILE = giftest/Info.plist;
				LD_RUNPATH_SEARCH_PATHS = (
					"$(inherited)",
					"@executable_path/Frameworks",
				);
				PRODUCT_BUNDLE_IDENTIFIER = com.taiseihikawa.giftest;
				PRODUCT_NAME = "$(TARGET_NAME)";
				SWIFT_VERSION = 5.0;
				TARGETED_DEVICE_FAMILY = "1,2";
			};
			name = Release;
		};
		D539CBAC25FA42E6001200B0 /* Debug */ = {
			isa = XCBuildConfiguration;
			buildSettings = {
				ALWAYS_EMBED_SWIFT_STANDARD_LIBRARIES = YES;
				BUNDLE_LOADER = "$(TEST_HOST)";
				CODE_SIGN_STYLE = Automatic;
				INFOPLIST_FILE = giftestTests/Info.plist;
				IPHONEOS_DEPLOYMENT_TARGET = 14.3;
				LD_RUNPATH_SEARCH_PATHS = (
					"$(inherited)",
					"@executable_path/Frameworks",
					"@loader_path/Frameworks",
				);
				PRODUCT_BUNDLE_IDENTIFIER = com.taiseihikawa.giftestTests;
				PRODUCT_NAME = "$(TARGET_NAME)";
				SWIFT_VERSION = 5.0;
				TARGETED_DEVICE_FAMILY = "1,2";
				TEST_HOST = "$(BUILT_PRODUCTS_DIR)/giftest.app/giftest";
			};
			name = Debug;
		};
		D539CBAD25FA42E6001200B0 /* Release */ = {
			isa = XCBuildConfiguration;
			buildSettings = {
				ALWAYS_EMBED_SWIFT_STANDARD_LIBRARIES = YES;
				BUNDLE_LOADER = "$(TEST_HOST)";
				CODE_SIGN_STYLE = Automatic;
				INFOPLIST_FILE = giftestTests/Info.plist;
				IPHONEOS_DEPLOYMENT_TARGET = 14.3;
				LD_RUNPATH_SEARCH_PATHS = (
					"$(inherited)",
					"@executable_path/Frameworks",
					"@loader_path/Frameworks",
				);
				PRODUCT_BUNDLE_IDENTIFIER = com.taiseihikawa.giftestTests;
				PRODUCT_NAME = "$(TARGET_NAME)";
				SWIFT_VERSION = 5.0;
				TARGETED_DEVICE_FAMILY = "1,2";
				TEST_HOST = "$(BUILT_PRODUCTS_DIR)/giftest.app/giftest";
			};
			name = Release;
		};
		D539CBAF25FA42E6001200B0 /* Debug */ = {
			isa = XCBuildConfiguration;
			buildSettings = {
				ALWAYS_EMBED_SWIFT_STANDARD_LIBRARIES = YES;
				CODE_SIGN_STYLE = Automatic;
				INFOPLIST_FILE = giftestUITests/Info.plist;
				LD_RUNPATH_SEARCH_PATHS = (
					"$(inherited)",
					"@executable_path/Frameworks",
					"@loader_path/Frameworks",
				);
				PRODUCT_BUNDLE_IDENTIFIER = com.taiseihikawa.giftestUITests;
				PRODUCT_NAME = "$(TARGET_NAME)";
				SWIFT_VERSION = 5.0;
				TARGETED_DEVICE_FAMILY = "1,2";
				TEST_TARGET_NAME = giftest;
			};
			name = Debug;
		};
		D539CBB025FA42E6001200B0 /* Release */ = {
			isa = XCBuildConfiguration;
			buildSettings = {
				ALWAYS_EMBED_SWIFT_STANDARD_LIBRARIES = YES;
				CODE_SIGN_STYLE = Automatic;
				INFOPLIST_FILE = giftestUITests/Info.plist;
				LD_RUNPATH_SEARCH_PATHS = (
					"$(inherited)",
					"@executable_path/Frameworks",
					"@loader_path/Frameworks",
				);
				PRODUCT_BUNDLE_IDENTIFIER = com.taiseihikawa.giftestUITests;
				PRODUCT_NAME = "$(TARGET_NAME)";
				SWIFT_VERSION = 5.0;
				TARGETED_DEVICE_FAMILY = "1,2";
				TEST_TARGET_NAME = giftest;
			};
			name = Release;
		};
/* End XCBuildConfiguration section */

/* Begin XCConfigurationList section */
		D539CB7925FA42E3001200B0 /* Build configuration list for PBXProject "giftest" */ = {
			isa = XCConfigurationList;
			buildConfigurations = (
				D539CBA625FA42E6001200B0 /* Debug */,
				D539CBA725FA42E6001200B0 /* Release */,
			);
			defaultConfigurationIsVisible = 0;
			defaultConfigurationName = Release;
		};
		D539CBA825FA42E6001200B0 /* Build configuration list for PBXNativeTarget "giftest" */ = {
			isa = XCConfigurationList;
			buildConfigurations = (
				D539CBA925FA42E6001200B0 /* Debug */,
				D539CBAA25FA42E6001200B0 /* Release */,
			);
			defaultConfigurationIsVisible = 0;
			defaultConfigurationName = Release;
		};
		D539CBAB25FA42E6001200B0 /* Build configuration list for PBXNativeTarget "giftestTests" */ = {
			isa = XCConfigurationList;
			buildConfigurations = (
				D539CBAC25FA42E6001200B0 /* Debug */,
				D539CBAD25FA42E6001200B0 /* Release */,
			);
			defaultConfigurationIsVisible = 0;
			defaultConfigurationName = Release;
		};
		D539CBAE25FA42E6001200B0 /* Build configuration list for PBXNativeTarget "giftestUITests" */ = {
			isa = XCConfigurationList;
			buildConfigurations = (
				D539CBAF25FA42E6001200B0 /* Debug */,
				D539CBB025FA42E6001200B0 /* Release */,
			);
			defaultConfigurationIsVisible = 0;
			defaultConfigurationName = Release;
		};
/* End XCConfigurationList section */
	};
	rootObject = D539CB7625FA42E3001200B0 /* Project object */;
}
